
Microsoft Visual Studio Solution File, Format Version 12.00
# Visual Studio Version 17
VisualStudioVersion = 17.11.35327.3
MinimumVisualStudioVersion = 10.0.40219.1
Project("{9A19103F-16F7-4668-BE54-9A1E7A4F7556}") = "RestApi", "RESTAPI\RestApi.csproj", "{7AA82EEF-30BE-45DE-9F40-C1F0BFDB3CFB}"
EndProject
Global
	GlobalSection(SolutionConfigurationPlatforms) = preSolution
		Debug|Any CPU = Debug|Any CPU
		Release|Any CPU = Release|Any CPU
	EndGlobalSection
	GlobalSection(ProjectConfigurationPlatforms) = postSolution
		{7AA82EEF-30BE-45DE-9F40-C1F0BFDB3CFB}.Debug|Any CPU.ActiveCfg = Debug|Any CPU
		{7AA82EEF-30BE-45DE-9F40-C1F0BFDB3CFB}.Debug|Any CPU.Build.0 = Debug|Any CPU
		{7AA82EEF-30BE-45DE-9F40-C1F0BFDB3CFB}.Release|Any CPU.ActiveCfg = Release|Any CPU
		{7AA82EEF-30BE-45DE-9F40-C1F0BFDB3CFB}.Release|Any CPU.Build.0 = Release|Any CPU
	EndGlobalSection
	GlobalSection(SolutionProperties) = preSolution
		HideSolutionNode = FALSE
	EndGlobalSection
	GlobalSection(ExtensibilityGlobals) = postSolution
		SolutionGuid = {F85C30A5-8754-45C9-9197-7E93970C45CF}
	EndGlobalSection
EndGlobal
